// !$*UTF8*$!
{
	archiveVersion = 1;
	classes = {
	};
	objectVersion = 48;
	objects = {

/* Begin PBXBuildFile section */
		0CCF0A3F1F6CF91300F97708 /* AppDelegate.swift in Sources */ = {isa = PBXBuildFile; fileRef = 0CCF0A3E1F6CF91300F97708 /* AppDelegate.swift */; };
		0CCF0A411F6CF91300F97708 /* ViewController.swift in Sources */ = {isa = PBXBuildFile; fileRef = 0CCF0A401F6CF91300F97708 /* ViewController.swift */; };
		0CCF0A441F6CF91300F97708 /* Main.storyboard in Resources */ = {isa = PBXBuildFile; fileRef = 0CCF0A421F6CF91300F97708 /* Main.storyboard */; };
		0CCF0A461F6CF91300F97708 /* Assets.xcassets in Resources */ = {isa = PBXBuildFile; fileRef = 0CCF0A451F6CF91300F97708 /* Assets.xcassets */; };
		0CCF0A491F6CF91300F97708 /* LaunchScreen.storyboard in Resources */ = {isa = PBXBuildFile; fileRef = 0CCF0A471F6CF91300F97708 /* LaunchScreen.storyboard */; };
		0CCF0A521F6CF9F000F97708 /* Person.swift in Sources */ = {isa = PBXBuildFile; fileRef = 0CCF0A511F6CF9F000F97708 /* Person.swift */; };
		0CCF0A551F6CFAC800F97708 /* APIController.swift in Sources */ = {isa = PBXBuildFile; fileRef = 0CCF0A541F6CFAC800F97708 /* APIController.swift */; };
		0CCF0A571F6CFADC00F97708 /* NetworkController.swift in Sources */ = {isa = PBXBuildFile; fileRef = 0CCF0A561F6CFADC00F97708 /* NetworkController.swift */; };
		0CF632381F6FB418004CA6BF /* Json.swift in Sources */ = {isa = PBXBuildFile; fileRef = 0CF632371F6FB418004CA6BF /* Json.swift */; };
/* End PBXBuildFile section */

/* Begin PBXFileReference section */
		0CCF0A3B1F6CF91300F97708 /* ModelViewController.app */ = {isa = PBXFileReference; explicitFileType = wrapper.application; includeInIndex = 0; path = ModelViewController.app; sourceTree = BUILT_PRODUCTS_DIR; };
		0CCF0A3E1F6CF91300F97708 /* AppDelegate.swift */ = {isa = PBXFileReference; lastKnownFileType = sourcecode.swift; path = AppDelegate.swift; sourceTree = "<group>"; };
		0CCF0A401F6CF91300F97708 /* ViewController.swift */ = {isa = PBXFileReference; lastKnownFileType = sourcecode.swift; path = ViewController.swift; sourceTree = "<group>"; };
		0CCF0A431F6CF91300F97708 /* Base */ = {isa = PBXFileReference; lastKnownFileType = file.storyboard; name = Base; path = Base.lproj/Main.storyboard; sourceTree = "<group>"; };
		0CCF0A451F6CF91300F97708 /* Assets.xcassets */ = {isa = PBXFileReference; lastKnownFileType = folder.assetcatalog; path = Assets.xcassets; sourceTree = "<group>"; };
		0CCF0A481F6CF91300F97708 /* Base */ = {isa = PBXFileReference; lastKnownFileType = file.storyboard; name = Base; path = Base.lproj/LaunchScreen.storyboard; sourceTree = "<group>"; };
		0CCF0A4A1F6CF91300F97708 /* Info.plist */ = {isa = PBXFileReference; lastKnownFileType = text.plist.xml; path = Info.plist; sourceTree = "<group>"; };
		0CCF0A511F6CF9F000F97708 /* Person.swift */ = {isa = PBXFileReference; lastKnownFileType = sourcecode.swift; path = Person.swift; sourceTree = "<group>"; };
		0CCF0A541F6CFAC800F97708 /* APIController.swift */ = {isa = PBXFileReference; lastKnownFileType = sourcecode.swift; path = APIController.swift; sourceTree = "<group>"; };
		0CCF0A561F6CFADC00F97708 /* NetworkController.swift */ = {isa = PBXFileReference; lastKnownFileType = sourcecode.swift; path = NetworkController.swift; sourceTree = "<group>"; };
		0CF632371F6FB418004CA6BF /* Json.swift */ = {isa = PBXFileReference; lastKnownFileType = sourcecode.swift; path = Json.swift; sourceTree = "<group>"; };
/* End PBXFileReference section */

/* Begin PBXFrameworksBuildPhase section */
		0CCF0A381F6CF91300F97708 /* Frameworks */ = {
			isa = PBXFrameworksBuildPhase;
			buildActionMask = 2147483647;
			files = (
			);
			runOnlyForDeploymentPostprocessing = 0;
		};
/* End PBXFrameworksBuildPhase section */

/* Begin PBXGroup section */
		0CCF0A321F6CF91300F97708 = {
			isa = PBXGroup;
			children = (
				0CCF0A3D1F6CF91300F97708 /* ModelViewController */,
				0CCF0A3C1F6CF91300F97708 /* Products */,
			);
			sourceTree = "<group>";
		};
		0CCF0A3C1F6CF91300F97708 /* Products */ = {
			isa = PBXGroup;
			children = (
				0CCF0A3B1F6CF91300F97708 /* ModelViewController.app */,
			);
			name = Products;
			sourceTree = "<group>";
		};
		0CCF0A3D1F6CF91300F97708 /* ModelViewController */ = {
			isa = PBXGroup;
			children = (
				0CF632371F6FB418004CA6BF /* Json.swift */,
				0CCF0A531F6CFA9200F97708 /* Contoller */,
				0CCF0A501F6CF9E200F97708 /* Model */,
				0CCF0A3E1F6CF91300F97708 /* AppDelegate.swift */,
				0CCF0A401F6CF91300F97708 /* ViewController.swift */,
				0CCF0A421F6CF91300F97708 /* Main.storyboard */,
				0CCF0A451F6CF91300F97708 /* Assets.xcassets */,
				0CCF0A471F6CF91300F97708 /* LaunchScreen.storyboard */,
				0CCF0A4A1F6CF91300F97708 /* Info.plist */,
			);
			path = ModelViewController;
			sourceTree = "<group>";
		};
		0CCF0A501F6CF9E200F97708 /* Model */ = {
			isa = PBXGroup;
			children = (
				0CCF0A511F6CF9F000F97708 /* Person.swift */,
			);
			path = Model;
			sourceTree = "<group>";
		};
		0CCF0A531F6CFA9200F97708 /* Contoller */ = {
			isa = PBXGroup;
			children = (
				0CCF0A541F6CFAC800F97708 /* APIController.swift */,
				0CCF0A561F6CFADC00F97708 /* NetworkController.swift */,
			);
			path = Contoller;
			sourceTree = "<group>";
		};
/* End PBXGroup section */

/* Begin PBXNativeTarget section */
		0CCF0A3A1F6CF91300F97708 /* ModelViewController */ = {
			isa = PBXNativeTarget;
			buildConfigurationList = 0CCF0A4D1F6CF91300F97708 /* Build configuration list for PBXNativeTarget "ModelViewController" */;
			buildPhases = (
				0CCF0A371F6CF91300F97708 /* Sources */,
				0CCF0A381F6CF91300F97708 /* Frameworks */,
				0CCF0A391F6CF91300F97708 /* Resources */,
			);
			buildRules = (
			);
			dependencies = (
			);
			name = ModelViewController;
			productName = ModelViewController;
			productReference = 0CCF0A3B1F6CF91300F97708 /* ModelViewController.app */;
			productType = "com.apple.product-type.application";
		};
/* End PBXNativeTarget section */

/* Begin PBXProject section */
		0CCF0A331F6CF91300F97708 /* Project object */ = {
			isa = PBXProject;
			attributes = {
				LastSwiftUpdateCheck = 0900;
				LastUpgradeCheck = 0900;
				ORGANIZATIONNAME = "Appinventiv Technologies";
				TargetAttributes = {
					0CCF0A3A1F6CF91300F97708 = {
						CreatedOnToolsVersion = 9.0;
						ProvisioningStyle = Automatic;
					};
				};
			};
			buildConfigurationList = 0CCF0A361F6CF91300F97708 /* Build configuration list for PBXProject "ModelViewController" */;
			compatibilityVersion = "Xcode 8.0";
			developmentRegion = en;
			hasScannedForEncodings = 0;
			knownRegions = (
				en,
				Base,
			);
			mainGroup = 0CCF0A321F6CF91300F97708;
			productRefGroup = 0CCF0A3C1F6CF91300F97708 /* Products */;
			projectDirPath = "";
			projectRoot = "";
			targets = (
				0CCF0A3A1F6CF91300F97708 /* ModelViewController */,
			);
		};
/* End PBXProject section */

/* Begin PBXResourcesBuildPhase section */
		0CCF0A391F6CF91300F97708 /* Resources */ = {
			isa = PBXResourcesBuildPhase;
			buildActionMask = 2147483647;
			files = (
				0CCF0A491F6CF91300F97708 /* LaunchScreen.storyboard in Resources */,
				0CCF0A461F6CF91300F97708 /* Assets.xcassets in Resources */,
				0CCF0A441F6CF91300F97708 /* Main.storyboard in Resources */,
			);
			runOnlyForDeploymentPostprocessing = 0;
		};
/* End PBXResourcesBuildPhase section */

/* Begin PBXSourcesBuildPhase section */
		0CCF0A371F6CF91300F97708 /* Sources */ = {
			isa = PBXSourcesBuildPhase;
			buildActionMask = 2147483647;
			files = (
				0CCF0A571F6CFADC00F97708 /* NetworkController.swift in Sources */,
				0CCF0A551F6CFAC800F97708 /* APIController.swift in Sources */,
				0CCF0A521F6CF9F000F97708 /* Person.swift in Sources */,
				0CF632381F6FB418004CA6BF /* Json.swift in Sources */,
				0CCF0A411F6CF91300F97708 /* ViewController.swift in Sources */,
				0CCF0A3F1F6CF91300F97708 /* AppDelegate.swift in Sources */,
			);
			runOnlyForDeploymentPostprocessing = 0;
		};
/* End PBXSourcesBuildPhase section */

/* Begin PBXVariantGroup section */
		0CCF0A421F6CF91300F97708 /* Main.storyboard */ = {
			isa = PBXVariantGroup;
			children = (
				0CCF0A431F6CF91300F97708 /* Base */,
			);
			name = Main.storyboard;
			sourceTree = "<group>";
		};
		0CCF0A471F6CF91300F97708 /* LaunchScreen.storyboard */ = {
			isa = PBXVariantGroup;
			children = (
				0CCF0A481F6CF91300F97708 /* Base */,
			);
			name = LaunchScreen.storyboard;
			sourceTree = "<group>";
		};
/* End PBXVariantGroup section */

/* Begin XCBuildConfiguration section */
		0CCF0A4B1F6CF91300F97708 /* Debug */ = {
			isa = XCBuildConfiguration;
			buildSettings = {
				ALWAYS_SEARCH_USER_PATHS = NO;
				CLANG_ANALYZER_NONNULL = YES;
				CLANG_ANALYZER_NUMBER_OBJECT_CONVERSION = YES_AGGRESSIVE;
				CLANG_CXX_LANGUAGE_STANDARD = "gnu++14";
				CLANG_CXX_LIBRARY = "libc++";
				CLANG_ENABLE_MODULES = YES;
				CLANG_ENABLE_OBJC_ARC = YES;
				CLANG_WARN_BLOCK_CAPTURE_AUTORELEASING = YES;
				CLANG_WARN_BOOL_CONVERSION = YES;
				CLANG_WARN_COMMA = YES;
				CLANG_WARN_CONSTANT_CONVERSION = YES;
				CLANG_WARN_DIRECT_OBJC_ISA_USAGE = YES_ERROR;
				CLANG_WARN_DOCUMENTATION_COMMENTS = YES;
				CLANG_WARN_EMPTY_BODY = YES;
				CLANG_WARN_ENUM_CONVERSION = YES;
				CLANG_WARN_INFINITE_RECURSION = YES;
				CLANG_WARN_INT_CONVERSION = YES;
				CLANG_WARN_NON_LITERAL_NULL_CONVERSION = YES;
				CLANG_WARN_OBJC_LITERAL_CONVERSION = YES;
				CLANG_WARN_OBJC_ROOT_CLASS = YES_ERROR;
				CLANG_WARN_RANGE_LOOP_ANALYSIS = YES;
				CLANG_WARN_STRICT_PROTOTYPES = YES;
				CLANG_WARN_SUSPICIOUS_MOVE = YES;
				CLANG_WARN_UNGUARDED_AVAILABILITY = YES_AGGRESSIVE;
				CLANG_WARN_UNREACHABLE_CODE = YES;
				CLANG_WARN__DUPLICATE_METHOD_MATCH = YES;
				CODE_SIGN_IDENTITY = "iPhone Developer";
				COPY_PHASE_STRIP = NO;
				DEBUG_INFORMATION_FORMAT = dwarf;
				ENABLE_STRICT_OBJC_MSGSEND = YES;
				ENABLE_TESTABILITY = YES;
				GCC_C_LANGUAGE_STANDARD = gnu11;
				GCC_DYNAMIC_NO_PIC = NO;
				GCC_NO_COMMON_BLOCKS = YES;
				GCC_OPTIMIZATION_LEVEL = 0;
				GCC_PREPROCESSOR_DEFINITIONS = (
					"DEBUG=1",
					"$(inherited)",
				);
				GCC_WARN_64_TO_32_BIT_CONVERSION = YES;
				GCC_WARN_ABOUT_RETURN_TYPE = YES_ERROR;
				GCC_WARN_UNDECLARED_SELECTOR = YES;
				GCC_WARN_UNINITIALIZED_AUTOS = YES_AGGRESSIVE;
				GCC_WARN_UNUSED_FUNCTION = YES;
				GCC_WARN_UNUSED_VARIABLE = YES;
				IPHONEOS_DEPLOYMENT_TARGET = 11.0;
				MTL_ENABLE_DEBUG_INFO = YES;
				ONLY_ACTIVE_ARCH = YES;
				SDKROOT = iphoneos;
				SWIFT_ACTIVE_COMPILATION_CONDITIONS = DEBUG;
				SWIFT_OPTIMIZATION_LEVEL = "-Onone";
			};
			name = Debug;
		};
		0CCF0A4C1F6CF91300F97708 /* Release */ = {
			isa = XCBuildConfiguration;
			buildSettings = {
				ALWAYS_SEARCH_USER_PATHS = NO;
				CLANG_ANALYZER_NONNULL = YES;
				CLANG_ANALYZER_NUMBER_OBJECT_CONVERSION = YES_AGGRESSIVE;
				CLANG_CXX_LANGUAGE_STANDARD = "gnu++14";
				CLANG_CXX_LIBRARY = "libc++";
				CLANG_ENABLE_MODULES = YES;
				CLANG_ENABLE_OBJC_ARC = YES;
				CLANG_WARN_BLOCK_CAPTURE_AUTORELEASING = YES;
				CLANG_WARN_BOOL_CONVERSION = YES;
				CLANG_WARN_COMMA = YES;
				CLANG_WARN_CONSTANT_CONVERSION = YES;
				CLANG_WARN_DIRECT_OBJC_ISA_USAGE = YES_ERROR;
				CLANG_WARN_DOCUMENTATION_COMMENTS = YES;
				CLANG_WARN_EMPTY_BODY = YES;
				CLANG_WARN_ENUM_CONVERSION = YES;
				CLANG_WARN_INFINITE_RECURSION = YES;
				CLANG_WARN_INT_CONVERSION = YES;
				CLANG_WARN_NON_LITERAL_NULL_CONVERSION = YES;
				CLANG_WARN_OBJC_LITERAL_CONVERSION = YES;
				CLANG_WARN_OBJC_ROOT_CLASS = YES_ERROR;
				CLANG_WARN_RANGE_LOOP_ANALYSIS = YES;
				CLANG_WARN_STRICT_PROTOTYPES = YES;
				CLANG_WARN_SUSPICIOUS_MOVE = YES;
				CLANG_WARN_UNGUARDED_AVAILABILITY = YES_AGGRESSIVE;
				CLANG_WARN_UNREACHABLE_CODE = YES;
				CLANG_WARN__DUPLICATE_METHOD_MATCH = YES;
				CODE_SIGN_IDENTITY = "iPhone Developer";
				COPY_PHASE_STRIP = NO;
				DEBUG_INFORMATION_FORMAT = "dwarf-with-dsym";
				ENABLE_NS_ASSERTIONS = NO;
				ENABLE_STRICT_OBJC_MSGSEND = YES;
				GCC_C_LANGUAGE_STANDARD = gnu11;
				GCC_NO_COMMON_BLOCKS = YES;
				GCC_WARN_64_TO_32_BIT_CONVERSION = YES;
				GCC_WARN_ABOUT_RETURN_TYPE = YES_ERROR;
				GCC_WARN_UNDECLARED_SELECTOR = YES;
				GCC_WARN_UNINITIALIZED_AUTOS = YES_AGGRESSIVE;
				GCC_WARN_UNUSED_FUNCTION = YES;
				GCC_WARN_UNUSED_VARIABLE = YES;
				IPHONEOS_DEPLOYMENT_TARGET = 11.0;
				MTL_ENABLE_DEBUG_INFO = NO;
				SDKROOT = iphoneos;
				SWIFT_OPTIMIZATION_LEVEL = "-Owholemodule";
				VALIDATE_PRODUCT = YES;
			};
			name = Release;
		};
		0CCF0A4E1F6CF91300F97708 /* Debug */ = {
			isa = XCBuildConfiguration;
			buildSettings = {
				ASSETCATALOG_COMPILER_APPICON_NAME = AppIcon;
				CODE_SIGN_STYLE = Automatic;
				INFOPLIST_FILE = ModelViewController/Info.plist;
				LD_RUNPATH_SEARCH_PATHS = "$(inherited) @executable_path/Frameworks";
				PRODUCT_BUNDLE_IDENTIFIER = app.ModelViewController;
				PRODUCT_NAME = "$(TARGET_NAME)";
				SWIFT_VERSION = 4.0;
				TARGETED_DEVICE_FAMILY = "1,2";
			};
			name = Debug;
		};
		0CCF0A4F1F6CF91300F97708 /* Release */ = {
			isa = XCBuildConfiguration;
			buildSettings = {
				ASSETCATALOG_COMPILER_APPICON_NAME = AppIcon;
				CODE_SIGN_STYLE = Automatic;
				INFOPLIST_FILE = ModelViewController/Info.plist;
				LD_RUNPATH_SEARCH_PATHS = "$(inherited) @executable_path/Frameworks";
				PRODUCT_BUNDLE_IDENTIFIER = app.ModelViewController;
				PRODUCT_NAME = "$(TARGET_NAME)";
				SWIFT_VERSION = 4.0;
				TARGETED_DEVICE_FAMILY = "1,2";
			};
			name = Release;
		};
/* End XCBuildConfiguration section */

/* Begin XCConfigurationList section */
		0CCF0A361F6CF91300F97708 /* Build configuration list for PBXProject "ModelViewController" */ = {
			isa = XCConfigurationList;
			buildConfigurations = (
				0CCF0A4B1F6CF91300F97708 /* Debug */,
				0CCF0A4C1F6CF91300F97708 /* Release */,
			);
			defaultConfigurationIsVisible = 0;
			defaultConfigurationName = Release;
		};
		0CCF0A4D1F6CF91300F97708 /* Build configuration list for PBXNativeTarget "ModelViewController" */ = {
			isa = XCConfigurationList;
			buildConfigurations = (
				0CCF0A4E1F6CF91300F97708 /* Debug */,
				0CCF0A4F1F6CF91300F97708 /* Release */,
			);
			defaultConfigurationIsVisible = 0;
			defaultConfigurationName = Release;
		};
/* End XCConfigurationList section */
	};
	rootObject = 0CCF0A331F6CF91300F97708 /* Project object */;
}
